
Microsoft Visual Studio Solution File, Format Version 12.00
# Visual Studio Version 17
VisualStudioVersion = 17.0.31903.59
MinimumVisualStudioVersion = 10.0.40219.1
Project("{FAE04EC0-301F-11D3-BF4B-00C04F79EFBC}") = "Bot", "Bot\Bot.csproj", "{B7AF93BF-382C-457E-8A2B-82BABA2AC84E}"
EndProject
Project("{FAE04EC0-301F-11D3-BF4B-00C04F79EFBC}") = "Engine", "Engine\Engine.csproj", "{FF65A646-7B97-4EA8-9EB0-8977D55E78DD}"
EndProject
Project("{FAE04EC0-301F-11D3-BF4B-00C04F79EFBC}") = "Tests", "Tests\Tests.csproj", "{9A28A4CD-0DAE-41D1-ABAE-62D7E564C0C3}"
EndProject
Global
	GlobalSection(SolutionConfigurationPlatforms) = preSolution
		Debug|Any CPU = Debug|Any CPU
		Release|Any CPU = Release|Any CPU
	EndGlobalSection
	GlobalSection(SolutionProperties) = preSolution
		HideSolutionNode = FALSE
	EndGlobalSection
	GlobalSection(ProjectConfigurationPlatforms) = postSolution
		{B7AF93BF-382C-457E-8A2B-82BABA2AC84E}.Debug|Any CPU.ActiveCfg = Debug|Any CPU
		{B7AF93BF-382C-457E-8A2B-82BABA2AC84E}.Debug|Any CPU.Build.0 = Debug|Any CPU
		{B7AF93BF-382C-457E-8A2B-82BABA2AC84E}.Release|Any CPU.ActiveCfg = Release|Any CPU
		{B7AF93BF-382C-457E-8A2B-82BABA2AC84E}.Release|Any CPU.Build.0 = Release|Any CPU
		{FF65A646-7B97-4EA8-9EB0-8977D55E78DD}.Debug|Any CPU.ActiveCfg = Debug|Any CPU
		{FF65A646-7B97-4EA8-9EB0-8977D55E78DD}.Debug|Any CPU.Build.0 = Debug|Any CPU
		{FF65A646-7B97-4EA8-9EB0-8977D55E78DD}.Release|Any CPU.ActiveCfg = Release|Any CPU
		{FF65A646-7B97-4EA8-9EB0-8977D55E78DD}.Release|Any CPU.Build.0 = Release|Any CPU
		{9A28A4CD-0DAE-41D1-ABAE-62D7E564C0C3}.Debug|Any CPU.ActiveCfg = Debug|Any CPU
		{9A28A4CD-0DAE-41D1-ABAE-62D7E564C0C3}.Debug|Any CPU.Build.0 = Debug|Any CPU
		{9A28A4CD-0DAE-41D1-ABAE-62D7E564C0C3}.Release|Any CPU.ActiveCfg = Release|Any CPU
		{9A28A4CD-0DAE-41D1-ABAE-62D7E564C0C3}.Release|Any CPU.Build.0 = Release|Any CPU
	EndGlobalSection
EndGlobal
